
Microsoft Visual Studio Solution File, Format Version 12.00
# Visual Studio 15
VisualStudioVersion = 15.0.28307.852
MinimumVisualStudioVersion = 10.0.40219.1
Project("{8BC9CEB8-8B4A-11D0-8D11-00A0C91BC942}") = "2.1", "ConsoleApplication1\ConsoleApplication1.vcxproj", "{653F84D4-7686-4A0E-8C60-4FB8619A9FDE}"
EndProject
Project("{8BC9CEB8-8B4A-11D0-8D11-00A0C91BC942}") = "cycles", "cycles\cycles.vcxproj", "{46343025-319D-4A51-8FCB-EDCCEB070F52}"
EndProject
Project("{8BC9CEB8-8B4A-11D0-8D11-00A0C91BC942}") = "cyclesStage2", "cyclesStage2\cyclesStage2.vcxproj", "{B780D96C-B38B-4787-9EC0-25D0546A1E45}"
EndProject
Project("{8BC9CEB8-8B4A-11D0-8D11-00A0C91BC942}") = "arrays", "arrays\arrays.vcxproj", "{AF73C9BE-FC49-4171-ABB5-9328376B691A}"
EndProject
Project("{8BC9CEB8-8B4A-11D0-8D11-00A0C91BC942}") = "1", "1\1.vcxproj", "{4DA39545-2B37-42BE-8DDF-B956ABFC30FB}"
EndProject
Project("{8BC9CEB8-8B4A-11D0-8D11-00A0C91BC942}") = "1.2", "1.2\1.2.vcxproj", "{57879A56-3E51-4CE2-B264-8551297EE1E9}"
EndProject
Project("{8BC9CEB8-8B4A-11D0-8D11-00A0C91BC942}") = "2.2", "2.1\2.1.vcxproj", "{200B1B6B-4382-45AE-A6F2-309DB7414AD8}"
EndProject
Project("{8BC9CEB8-8B4A-11D0-8D11-00A0C91BC942}") = "arrays2", "array2\array2.vcxproj", "{8AB28F16-79DB-4FC0-AC6D-228DAD046BF7}"
EndProject
Project("{8BC9CEB8-8B4A-11D0-8D11-00A0C91BC942}") = "5.2", "5.2\5.2.vcxproj", "{2344C45C-CCE9-4BE6-A60A-16D3ED2EBADF}"
EndProject
Project("{8BC9CEB8-8B4A-11D0-8D11-00A0C91BC942}") = "6.1", "6.1\6.1.vcxproj", "{66649805-DD77-4C20-A352-1228360D3359}"
EndProject
Project("{8BC9CEB8-8B4A-11D0-8D11-00A0C91BC942}") = "6.2", "6.2\6.2.vcxproj", "{55AFF363-12C2-4219-909D-6D1211AA431A}"
EndProject
Project("{8BC9CEB8-8B4A-11D0-8D11-00A0C91BC942}") = "7.1", "7.1\7.1.vcxproj", "{F8FDA6CF-698E-4A5C-9340-E74333067C6C}"
EndProject
Project("{8BC9CEB8-8B4A-11D0-8D11-00A0C91BC942}") = "7.2", "7.2\7.2.vcxproj", "{3305057A-60D9-4F1A-B9A5-E98E8E0AC2F1}"
EndProject
Project("{8BC9CEB8-8B4A-11D0-8D11-00A0C91BC942}") = "8.1", "8.1\8.1.vcxproj", "{8135E2EA-2516-495A-B848-935E47FC7920}"
EndProject
Project("{8BC9CEB8-8B4A-11D0-8D11-00A0C91BC942}") = "8.2", "8.2\8.2.vcxproj", "{D59D6D83-D28F-4AF8-979D-F8DCC24BE2DF}"
EndProject
Project("{8BC9CEB8-8B4A-11D0-8D11-00A0C91BC942}") = "9.2", "9.2\9.2.vcxproj", "{A6CCA149-7021-4FBC-B468-90DDFBA305F1}"
EndProject
Project("{8BC9CEB8-8B4A-11D0-8D11-00A0C91BC942}") = "9.1", "9.1\9.1.vcxproj", "{22CD9999-BE47-44D9-9B6C-EA13C2F8EDF0}"
EndProject
Project("{8BC9CEB8-8B4A-11D0-8D11-00A0C91BC942}") = "10.1", "10.1\10.1.vcxproj", "{14C5891F-A5A7-4A89-9376-853A53257FA2}"
EndProject
Global
	GlobalSection(SolutionConfigurationPlatforms) = preSolution
		Debug|x64 = Debug|x64
		Debug|x86 = Debug|x86
		Release|x64 = Release|x64
		Release|x86 = Release|x86
	EndGlobalSection
	GlobalSection(ProjectConfigurationPlatforms) = postSolution
		{653F84D4-7686-4A0E-8C60-4FB8619A9FDE}.Debug|x64.ActiveCfg = Debug|x64
		{653F84D4-7686-4A0E-8C60-4FB8619A9FDE}.Debug|x64.Build.0 = Debug|x64
		{653F84D4-7686-4A0E-8C60-4FB8619A9FDE}.Debug|x86.ActiveCfg = Debug|Win32
		{653F84D4-7686-4A0E-8C60-4FB8619A9FDE}.Debug|x86.Build.0 = Debug|Win32
		{653F84D4-7686-4A0E-8C60-4FB8619A9FDE}.Release|x64.ActiveCfg = Release|x64
		{653F84D4-7686-4A0E-8C60-4FB8619A9FDE}.Release|x64.Build.0 = Release|x64
		{653F84D4-7686-4A0E-8C60-4FB8619A9FDE}.Release|x86.ActiveCfg = Release|Win32
		{653F84D4-7686-4A0E-8C60-4FB8619A9FDE}.Release|x86.Build.0 = Release|Win32
		{46343025-319D-4A51-8FCB-EDCCEB070F52}.Debug|x64.ActiveCfg = Debug|x64
		{46343025-319D-4A51-8FCB-EDCCEB070F52}.Debug|x64.Build.0 = Debug|x64
		{46343025-319D-4A51-8FCB-EDCCEB070F52}.Debug|x86.ActiveCfg = Debug|Win32
		{46343025-319D-4A51-8FCB-EDCCEB070F52}.Debug|x86.Build.0 = Debug|Win32
		{46343025-319D-4A51-8FCB-EDCCEB070F52}.Release|x64.ActiveCfg = Release|x64
		{46343025-319D-4A51-8FCB-EDCCEB070F52}.Release|x64.Build.0 = Release|x64
		{46343025-319D-4A51-8FCB-EDCCEB070F52}.Release|x86.ActiveCfg = Release|Win32
		{46343025-319D-4A51-8FCB-EDCCEB070F52}.Release|x86.Build.0 = Release|Win32
		{B780D96C-B38B-4787-9EC0-25D0546A1E45}.Debug|x64.ActiveCfg = Debug|x64
		{B780D96C-B38B-4787-9EC0-25D0546A1E45}.Debug|x64.Build.0 = Debug|x64
		{B780D96C-B38B-4787-9EC0-25D0546A1E45}.Debug|x86.ActiveCfg = Debug|Win32
		{B780D96C-B38B-4787-9EC0-25D0546A1E45}.Debug|x86.Build.0 = Debug|Win32
		{B780D96C-B38B-4787-9EC0-25D0546A1E45}.Release|x64.ActiveCfg = Release|x64
		{B780D96C-B38B-4787-9EC0-25D0546A1E45}.Release|x64.Build.0 = Release|x64
		{B780D96C-B38B-4787-9EC0-25D0546A1E45}.Release|x86.ActiveCfg = Release|Win32
		{B780D96C-B38B-4787-9EC0-25D0546A1E45}.Release|x86.Build.0 = Release|Win32
		{AF73C9BE-FC49-4171-ABB5-9328376B691A}.Debug|x64.ActiveCfg = Debug|x64
		{AF73C9BE-FC49-4171-ABB5-9328376B691A}.Debug|x64.Build.0 = Debug|x64
		{AF73C9BE-FC49-4171-ABB5-9328376B691A}.Debug|x86.ActiveCfg = Debug|Win32
		{AF73C9BE-FC49-4171-ABB5-9328376B691A}.Debug|x86.Build.0 = Debug|Win32
		{AF73C9BE-FC49-4171-ABB5-9328376B691A}.Release|x64.ActiveCfg = Release|x64
		{AF73C9BE-FC49-4171-ABB5-9328376B691A}.Release|x64.Build.0 = Release|x64
		{AF73C9BE-FC49-4171-ABB5-9328376B691A}.Release|x86.ActiveCfg = Release|Win32
		{AF73C9BE-FC49-4171-ABB5-9328376B691A}.Release|x86.Build.0 = Release|Win32
		{4DA39545-2B37-42BE-8DDF-B956ABFC30FB}.Debug|x64.ActiveCfg = Debug|x64
		{4DA39545-2B37-42BE-8DDF-B956ABFC30FB}.Debug|x64.Build.0 = Debug|x64
		{4DA39545-2B37-42BE-8DDF-B956ABFC30FB}.Debug|x86.ActiveCfg = Debug|Win32
		{4DA39545-2B37-42BE-8DDF-B956ABFC30FB}.Debug|x86.Build.0 = Debug|Win32
		{4DA39545-2B37-42BE-8DDF-B956ABFC30FB}.Release|x64.ActiveCfg = Release|x64
		{4DA39545-2B37-42BE-8DDF-B956ABFC30FB}.Release|x64.Build.0 = Release|x64
		{4DA39545-2B37-42BE-8DDF-B956ABFC30FB}.Release|x86.ActiveCfg = Release|Win32
		{4DA39545-2B37-42BE-8DDF-B956ABFC30FB}.Release|x86.Build.0 = Release|Win32
		{57879A56-3E51-4CE2-B264-8551297EE1E9}.Debug|x64.ActiveCfg = Debug|x64
		{57879A56-3E51-4CE2-B264-8551297EE1E9}.Debug|x64.Build.0 = Debug|x64
		{57879A56-3E51-4CE2-B264-8551297EE1E9}.Debug|x86.ActiveCfg = Debug|Win32
		{57879A56-3E51-4CE2-B264-8551297EE1E9}.Debug|x86.Build.0 = Debug|Win32
		{57879A56-3E51-4CE2-B264-8551297EE1E9}.Release|x64.ActiveCfg = Release|x64
		{57879A56-3E51-4CE2-B264-8551297EE1E9}.Release|x64.Build.0 = Release|x64
		{57879A56-3E51-4CE2-B264-8551297EE1E9}.Release|x86.ActiveCfg = Release|Win32
		{57879A56-3E51-4CE2-B264-8551297EE1E9}.Release|x86.Build.0 = Release|Win32
		{200B1B6B-4382-45AE-A6F2-309DB7414AD8}.Debug|x64.ActiveCfg = Debug|x64
		{200B1B6B-4382-45AE-A6F2-309DB7414AD8}.Debug|x64.Build.0 = Debug|x64
		{200B1B6B-4382-45AE-A6F2-309DB7414AD8}.Debug|x86.ActiveCfg = Debug|Win32
		{200B1B6B-4382-45AE-A6F2-309DB7414AD8}.Debug|x86.Build.0 = Debug|Win32
		{200B1B6B-4382-45AE-A6F2-309DB7414AD8}.Release|x64.ActiveCfg = Release|x64
		{200B1B6B-4382-45AE-A6F2-309DB7414AD8}.Release|x64.Build.0 = Release|x64
		{200B1B6B-4382-45AE-A6F2-309DB7414AD8}.Release|x86.ActiveCfg = Release|Win32
		{200B1B6B-4382-45AE-A6F2-309DB7414AD8}.Release|x86.Build.0 = Release|Win32
		{8AB28F16-79DB-4FC0-AC6D-228DAD046BF7}.Debug|x64.ActiveCfg = Debug|x64
		{8AB28F16-79DB-4FC0-AC6D-228DAD046BF7}.Debug|x64.Build.0 = Debug|x64
		{8AB28F16-79DB-4FC0-AC6D-228DAD046BF7}.Debug|x86.ActiveCfg = Debug|Win32
		{8AB28F16-79DB-4FC0-AC6D-228DAD046BF7}.Debug|x86.Build.0 = Debug|Win32
		{8AB28F16-79DB-4FC0-AC6D-228DAD046BF7}.Release|x64.ActiveCfg = Release|x64
		{8AB28F16-79DB-4FC0-AC6D-228DAD046BF7}.Release|x64.Build.0 = Release|x64
		{8AB28F16-79DB-4FC0-AC6D-228DAD046BF7}.Release|x86.ActiveCfg = Release|Win32
		{8AB28F16-79DB-4FC0-AC6D-228DAD046BF7}.Release|x86.Build.0 = Release|Win32
		{2344C45C-CCE9-4BE6-A60A-16D3ED2EBADF}.Debug|x64.ActiveCfg = Debug|x64
		{2344C45C-CCE9-4BE6-A60A-16D3ED2EBADF}.Debug|x64.Build.0 = Debug|x64
		{2344C45C-CCE9-4BE6-A60A-16D3ED2EBADF}.Debug|x86.ActiveCfg = Debug|Win32
		{2344C45C-CCE9-4BE6-A60A-16D3ED2EBADF}.Debug|x86.Build.0 = Debug|Win32
		{2344C45C-CCE9-4BE6-A60A-16D3ED2EBADF}.Release|x64.ActiveCfg = Release|x64
		{2344C45C-CCE9-4BE6-A60A-16D3ED2EBADF}.Release|x64.Build.0 = Release|x64
		{2344C45C-CCE9-4BE6-A60A-16D3ED2EBADF}.Release|x86.ActiveCfg = Release|Win32
		{2344C45C-CCE9-4BE6-A60A-16D3ED2EBADF}.Release|x86.Build.0 = Release|Win32
		{66649805-DD77-4C20-A352-1228360D3359}.Debug|x64.ActiveCfg = Debug|x64
		{66649805-DD77-4C20-A352-1228360D3359}.Debug|x64.Build.0 = Debug|x64
		{66649805-DD77-4C20-A352-1228360D3359}.Debug|x86.ActiveCfg = Debug|Win32
		{66649805-DD77-4C20-A352-1228360D3359}.Debug|x86.Build.0 = Debug|Win32
		{66649805-DD77-4C20-A352-1228360D3359}.Release|x64.ActiveCfg = Release|x64
		{66649805-DD77-4C20-A352-1228360D3359}.Release|x64.Build.0 = Release|x64
		{66649805-DD77-4C20-A352-1228360D3359}.Release|x86.ActiveCfg = Release|Win32
		{66649805-DD77-4C20-A352-1228360D3359}.Release|x86.Build.0 = Release|Win32
		{55AFF363-12C2-4219-909D-6D1211AA431A}.Debug|x64.ActiveCfg = Debug|x64
		{55AFF363-12C2-4219-909D-6D1211AA431A}.Debug|x64.Build.0 = Debug|x64
		{55AFF363-12C2-4219-909D-6D1211AA431A}.Debug|x86.ActiveCfg = Debug|Win32
		{55AFF363-12C2-4219-909D-6D1211AA431A}.Debug|x86.Build.0 = Debug|Win32
		{55AFF363-12C2-4219-909D-6D1211AA431A}.Release|x64.ActiveCfg = Release|x64
		{55AFF363-12C2-4219-909D-6D1211AA431A}.Release|x64.Build.0 = Release|x64
		{55AFF363-12C2-4219-909D-6D1211AA431A}.Release|x86.ActiveCfg = Release|Win32
		{55AFF363-12C2-4219-909D-6D1211AA431A}.Release|x86.Build.0 = Release|Win32
		{F8FDA6CF-698E-4A5C-9340-E74333067C6C}.Debug|x64.ActiveCfg = Debug|x64
		{F8FDA6CF-698E-4A5C-9340-E74333067C6C}.Debug|x64.Build.0 = Debug|x64
		{F8FDA6CF-698E-4A5C-9340-E74333067C6C}.Debug|x86.ActiveCfg = Debug|Win32
		{F8FDA6CF-698E-4A5C-9340-E74333067C6C}.Debug|x86.Build.0 = Debug|Win32
		{F8FDA6CF-698E-4A5C-9340-E74333067C6C}.Release|x64.ActiveCfg = Release|x64
		{F8FDA6CF-698E-4A5C-9340-E74333067C6C}.Release|x64.Build.0 = Release|x64
		{F8FDA6CF-698E-4A5C-9340-E74333067C6C}.Release|x86.ActiveCfg = Release|Win32
		{F8FDA6CF-698E-4A5C-9340-E74333067C6C}.Release|x86.Build.0 = Release|Win32
		{3305057A-60D9-4F1A-B9A5-E98E8E0AC2F1}.Debug|x64.ActiveCfg = Debug|x64
		{3305057A-60D9-4F1A-B9A5-E98E8E0AC2F1}.Debug|x64.Build.0 = Debug|x64
		{3305057A-60D9-4F1A-B9A5-E98E8E0AC2F1}.Debug|x86.ActiveCfg = Debug|Win32
		{3305057A-60D9-4F1A-B9A5-E98E8E0AC2F1}.Debug|x86.Build.0 = Debug|Win32
		{3305057A-60D9-4F1A-B9A5-E98E8E0AC2F1}.Release|x64.ActiveCfg = Release|x64
		{3305057A-60D9-4F1A-B9A5-E98E8E0AC2F1}.Release|x64.Build.0 = Release|x64
		{3305057A-60D9-4F1A-B9A5-E98E8E0AC2F1}.Release|x86.ActiveCfg = Release|Win32
		{3305057A-60D9-4F1A-B9A5-E98E8E0AC2F1}.Release|x86.Build.0 = Release|Win32
		{8135E2EA-2516-495A-B848-935E47FC7920}.Debug|x64.ActiveCfg = Debug|x64
		{8135E2EA-2516-495A-B848-935E47FC7920}.Debug|x64.Build.0 = Debug|x64
		{8135E2EA-2516-495A-B848-935E47FC7920}.Debug|x86.ActiveCfg = Debug|Win32
		{8135E2EA-2516-495A-B848-935E47FC7920}.Debug|x86.Build.0 = Debug|Win32
		{8135E2EA-2516-495A-B848-935E47FC7920}.Release|x64.ActiveCfg = Release|x64
		{8135E2EA-2516-495A-B848-935E47FC7920}.Release|x64.Build.0 = Release|x64
		{8135E2EA-2516-495A-B848-935E47FC7920}.Release|x86.ActiveCfg = Release|Win32
		{8135E2EA-2516-495A-B848-935E47FC7920}.Release|x86.Build.0 = Release|Win32
		{D59D6D83-D28F-4AF8-979D-F8DCC24BE2DF}.Debug|x64.ActiveCfg = Debug|x64
		{D59D6D83-D28F-4AF8-979D-F8DCC24BE2DF}.Debug|x64.Build.0 = Debug|x64
		{D59D6D83-D28F-4AF8-979D-F8DCC24BE2DF}.Debug|x86.ActiveCfg = Debug|Win32
		{D59D6D83-D28F-4AF8-979D-F8DCC24BE2DF}.Debug|x86.Build.0 = Debug|Win32
		{D59D6D83-D28F-4AF8-979D-F8DCC24BE2DF}.Release|x64.ActiveCfg = Release|x64
		{D59D6D83-D28F-4AF8-979D-F8DCC24BE2DF}.Release|x64.Build.0 = Release|x64
		{D59D6D83-D28F-4AF8-979D-F8DCC24BE2DF}.Release|x86.ActiveCfg = Release|Win32
		{D59D6D83-D28F-4AF8-979D-F8DCC24BE2DF}.Release|x86.Build.0 = Release|Win32
		{A6CCA149-7021-4FBC-B468-90DDFBA305F1}.Debug|x64.ActiveCfg = Debug|x64
		{A6CCA149-7021-4FBC-B468-90DDFBA305F1}.Debug|x64.Build.0 = Debug|x64
		{A6CCA149-7021-4FBC-B468-90DDFBA305F1}.Debug|x86.ActiveCfg = Debug|Win32
		{A6CCA149-7021-4FBC-B468-90DDFBA305F1}.Debug|x86.Build.0 = Debug|Win32
		{A6CCA149-7021-4FBC-B468-90DDFBA305F1}.Release|x64.ActiveCfg = Release|x64
		{A6CCA149-7021-4FBC-B468-90DDFBA305F1}.Release|x64.Build.0 = Release|x64
		{A6CCA149-7021-4FBC-B468-90DDFBA305F1}.Release|x86.ActiveCfg = Release|Win32
		{A6CCA149-7021-4FBC-B468-90DDFBA305F1}.Release|x86.Build.0 = Release|Win32
		{22CD9999-BE47-44D9-9B6C-EA13C2F8EDF0}.Debug|x64.ActiveCfg = Debug|x64
		{22CD9999-BE47-44D9-9B6C-EA13C2F8EDF0}.Debug|x64.Build.0 = Debug|x64
		{22CD9999-BE47-44D9-9B6C-EA13C2F8EDF0}.Debug|x86.ActiveCfg = Debug|Win32
		{22CD9999-BE47-44D9-9B6C-EA13C2F8EDF0}.Debug|x86.Build.0 = Debug|Win32
		{22CD9999-BE47-44D9-9B6C-EA13C2F8EDF0}.Release|x64.ActiveCfg = Release|x64
		{22CD9999-BE47-44D9-9B6C-EA13C2F8EDF0}.Release|x64.Build.0 = Release|x64
		{22CD9999-BE47-44D9-9B6C-EA13C2F8EDF0}.Release|x86.ActiveCfg = Release|Win32
		{22CD9999-BE47-44D9-9B6C-EA13C2F8EDF0}.Release|x86.Build.0 = Release|Win32
		{14C5891F-A5A7-4A89-9376-853A53257FA2}.Debug|x64.ActiveCfg = Debug|x64
		{14C5891F-A5A7-4A89-9376-853A53257FA2}.Debug|x64.Build.0 = Debug|x64
		{14C5891F-A5A7-4A89-9376-853A53257FA2}.Debug|x86.ActiveCfg = Debug|Win32
		{14C5891F-A5A7-4A89-9376-853A53257FA2}.Debug|x86.Build.0 = Debug|Win32
		{14C5891F-A5A7-4A89-9376-853A53257FA2}.Release|x64.ActiveCfg = Release|x64
		{14C5891F-A5A7-4A89-9376-853A53257FA2}.Release|x64.Build.0 = Release|x64
		{14C5891F-A5A7-4A89-9376-853A53257FA2}.Release|x86.ActiveCfg = Release|Win32
		{14C5891F-A5A7-4A89-9376-853A53257FA2}.Release|x86.Build.0 = Release|Win32
	EndGlobalSection
	GlobalSection(SolutionProperties) = preSolution
		HideSolutionNode = FALSE
	EndGlobalSection
	GlobalSection(ExtensibilityGlobals) = postSolution
		SolutionGuid = {BA938B32-E279-4688-B6E0-54C14600D625}
	EndGlobalSection
EndGlobal
