
Microsoft Visual Studio Solution File, Format Version 12.00
# Visual Studio 15
VisualStudioVersion = 15.0.28307.852
MinimumVisualStudioVersion = 10.0.40219.1
Project("{8BC9CEB8-8B4A-11D0-8D11-00A0C91BC942}") = "2.1", "ConsoleApplication1\ConsoleApplication1.vcxproj", "{653F84D4-7686-4A0E-8C60-4FB8619A9FDE}"
EndProject
Project("{8BC9CEB8-8B4A-11D0-8D11-00A0C91BC942}") = "cycles", "cycles\cycles.vcxproj", "{46343025-319D-4A51-8FCB-EDCCEB070F52}"
EndProject
Project("{8BC9CEB8-8B4A-11D0-8D11-00A0C91BC942}") = "cyclesStage2", "cyclesStage2\cyclesStage2.vcxproj", "{B780D96C-B38B-4787-9EC0-25D0546A1E45}"
EndProject
Project("{8BC9CEB8-8B4A-11D0-8D11-00A0C91BC942}") = "arrays", "arrays\arrays.vcxproj", "{AF73C9BE-FC49-4171-ABB5-9328376B691A}"
EndProject
Project("{8BC9CEB8-8B4A-11D0-8D11-00A0C91BC942}") = "1", "1\1.vcxproj", "{4DA39545-2B37-42BE-8DDF-B956ABFC30FB}"
EndProject
Project("{8BC9CEB8-8B4A-11D0-8D11-00A0C91BC942}") = "1.2", "1.2\1.2.vcxproj", "{57879A56-3E51-4CE2-B264-8551297EE1E9}"
EndProject
Project("{8BC9CEB8-8B4A-11D0-8D11-00A0C91BC942}") = "2.2", "2.1\2.1.vcxproj", "{200B1B6B-4382-45AE-A6F2-309DB7414AD8}"
EndProject
Project("{8BC9CEB8-8B4A-11D0-8D11-00A0C91BC942}") = "arrays2", "array2\array2.vcxproj", "{8AB28F16-79DB-4FC0-AC6D-228DAD046BF7}"
EndProject
Global
	GlobalSection(SolutionConfigurationPlatforms) = preSolution
		Debug|x64 = Debug|x64
		Debug|x86 = Debug|x86
		Release|x64 = Release|x64
		Release|x86 = Release|x86
	EndGlobalSection
	GlobalSection(ProjectConfigurationPlatforms) = postSolution
		{653F84D4-7686-4A0E-8C60-4FB8619A9FDE}.Debug|x64.ActiveCfg = Debug|x64
		{653F84D4-7686-4A0E-8C60-4FB8619A9FDE}.Debug|x64.Build.0 = Debug|x64
		{653F84D4-7686-4A0E-8C60-4FB8619A9FDE}.Debug|x86.ActiveCfg = Debug|Win32
		{653F84D4-7686-4A0E-8C60-4FB8619A9FDE}.Debug|x86.Build.0 = Debug|Win32
		{653F84D4-7686-4A0E-8C60-4FB8619A9FDE}.Release|x64.ActiveCfg = Release|x64
		{653F84D4-7686-4A0E-8C60-4FB8619A9FDE}.Release|x64.Build.0 = Release|x64
		{653F84D4-7686-4A0E-8C60-4FB8619A9FDE}.Release|x86.ActiveCfg = Release|Win32
		{653F84D4-7686-4A0E-8C60-4FB8619A9FDE}.Release|x86.Build.0 = Release|Win32
		{46343025-319D-4A51-8FCB-EDCCEB070F52}.Debug|x64.ActiveCfg = Debug|x64
		{46343025-319D-4A51-8FCB-EDCCEB070F52}.Debug|x64.Build.0 = Debug|x64
		{46343025-319D-4A51-8FCB-EDCCEB070F52}.Debug|x86.ActiveCfg = Debug|Win32
		{46343025-319D-4A51-8FCB-EDCCEB070F52}.Debug|x86.Build.0 = Debug|Win32
		{46343025-319D-4A51-8FCB-EDCCEB070F52}.Release|x64.ActiveCfg = Release|x64
		{46343025-319D-4A51-8FCB-EDCCEB070F52}.Release|x64.Build.0 = Release|x64
		{46343025-319D-4A51-8FCB-EDCCEB070F52}.Release|x86.ActiveCfg = Release|Win32
		{46343025-319D-4A51-8FCB-EDCCEB070F52}.Release|x86.Build.0 = Release|Win32
		{B780D96C-B38B-4787-9EC0-25D0546A1E45}.Debug|x64.ActiveCfg = Debug|x64
		{B780D96C-B38B-4787-9EC0-25D0546A1E45}.Debug|x64.Build.0 = Debug|x64
		{B780D96C-B38B-4787-9EC0-25D0546A1E45}.Debug|x86.ActiveCfg = Debug|Win32
		{B780D96C-B38B-4787-9EC0-25D0546A1E45}.Debug|x86.Build.0 = Debug|Win32
		{B780D96C-B38B-4787-9EC0-25D0546A1E45}.Release|x64.ActiveCfg = Release|x64
		{B780D96C-B38B-4787-9EC0-25D0546A1E45}.Release|x64.Build.0 = Release|x64
		{B780D96C-B38B-4787-9EC0-25D0546A1E45}.Release|x86.ActiveCfg = Release|Win32
		{B780D96C-B38B-4787-9EC0-25D0546A1E45}.Release|x86.Build.0 = Release|Win32
		{AF73C9BE-FC49-4171-ABB5-9328376B691A}.Debug|x64.ActiveCfg = Debug|x64
		{AF73C9BE-FC49-4171-ABB5-9328376B691A}.Debug|x64.Build.0 = Debug|x64
		{AF73C9BE-FC49-4171-ABB5-9328376B691A}.Debug|x86.ActiveCfg = Debug|Win32
		{AF73C9BE-FC49-4171-ABB5-9328376B691A}.Debug|x86.Build.0 = Debug|Win32
		{AF73C9BE-FC49-4171-ABB5-9328376B691A}.Release|x64.ActiveCfg = Release|x64
		{AF73C9BE-FC49-4171-ABB5-9328376B691A}.Release|x64.Build.0 = Release|x64
		{AF73C9BE-FC49-4171-ABB5-9328376B691A}.Release|x86.ActiveCfg = Release|Win32
		{AF73C9BE-FC49-4171-ABB5-9328376B691A}.Release|x86.Build.0 = Release|Win32
		{4DA39545-2B37-42BE-8DDF-B956ABFC30FB}.Debug|x64.ActiveCfg = Debug|x64
		{4DA39545-2B37-42BE-8DDF-B956ABFC30FB}.Debug|x64.Build.0 = Debug|x64
		{4DA39545-2B37-42BE-8DDF-B956ABFC30FB}.Debug|x86.ActiveCfg = Debug|Win32
		{4DA39545-2B37-42BE-8DDF-B956ABFC30FB}.Debug|x86.Build.0 = Debug|Win32
		{4DA39545-2B37-42BE-8DDF-B956ABFC30FB}.Release|x64.ActiveCfg = Release|x64
		{4DA39545-2B37-42BE-8DDF-B956ABFC30FB}.Release|x64.Build.0 = Release|x64
		{4DA39545-2B37-42BE-8DDF-B956ABFC30FB}.Release|x86.ActiveCfg = Release|Win32
		{4DA39545-2B37-42BE-8DDF-B956ABFC30FB}.Release|x86.Build.0 = Release|Win32
		{57879A56-3E51-4CE2-B264-8551297EE1E9}.Debug|x64.ActiveCfg = Debug|x64
		{57879A56-3E51-4CE2-B264-8551297EE1E9}.Debug|x64.Build.0 = Debug|x64
		{57879A56-3E51-4CE2-B264-8551297EE1E9}.Debug|x86.ActiveCfg = Debug|Win32
		{57879A56-3E51-4CE2-B264-8551297EE1E9}.Debug|x86.Build.0 = Debug|Win32
		{57879A56-3E51-4CE2-B264-8551297EE1E9}.Release|x64.ActiveCfg = Release|x64
		{57879A56-3E51-4CE2-B264-8551297EE1E9}.Release|x64.Build.0 = Release|x64
		{57879A56-3E51-4CE2-B264-8551297EE1E9}.Release|x86.ActiveCfg = Release|Win32
		{57879A56-3E51-4CE2-B264-8551297EE1E9}.Release|x86.Build.0 = Release|Win32
		{200B1B6B-4382-45AE-A6F2-309DB7414AD8}.Debug|x64.ActiveCfg = Debug|x64
		{200B1B6B-4382-45AE-A6F2-309DB7414AD8}.Debug|x64.Build.0 = Debug|x64
		{200B1B6B-4382-45AE-A6F2-309DB7414AD8}.Debug|x86.ActiveCfg = Debug|Win32
		{200B1B6B-4382-45AE-A6F2-309DB7414AD8}.Debug|x86.Build.0 = Debug|Win32
		{200B1B6B-4382-45AE-A6F2-309DB7414AD8}.Release|x64.ActiveCfg = Release|x64
		{200B1B6B-4382-45AE-A6F2-309DB7414AD8}.Release|x64.Build.0 = Release|x64
		{200B1B6B-4382-45AE-A6F2-309DB7414AD8}.Release|x86.ActiveCfg = Release|Win32
		{200B1B6B-4382-45AE-A6F2-309DB7414AD8}.Release|x86.Build.0 = Release|Win32
		{8AB28F16-79DB-4FC0-AC6D-228DAD046BF7}.Debug|x64.ActiveCfg = Debug|x64
		{8AB28F16-79DB-4FC0-AC6D-228DAD046BF7}.Debug|x64.Build.0 = Debug|x64
		{8AB28F16-79DB-4FC0-AC6D-228DAD046BF7}.Debug|x86.ActiveCfg = Debug|Win32
		{8AB28F16-79DB-4FC0-AC6D-228DAD046BF7}.Debug|x86.Build.0 = Debug|Win32
		{8AB28F16-79DB-4FC0-AC6D-228DAD046BF7}.Release|x64.ActiveCfg = Release|x64
		{8AB28F16-79DB-4FC0-AC6D-228DAD046BF7}.Release|x64.Build.0 = Release|x64
		{8AB28F16-79DB-4FC0-AC6D-228DAD046BF7}.Release|x86.ActiveCfg = Release|Win32
		{8AB28F16-79DB-4FC0-AC6D-228DAD046BF7}.Release|x86.Build.0 = Release|Win32
	EndGlobalSection
	GlobalSection(SolutionProperties) = preSolution
		HideSolutionNode = FALSE
	EndGlobalSection
	GlobalSection(ExtensibilityGlobals) = postSolution
		SolutionGuid = {BA938B32-E279-4688-B6E0-54C14600D625}
	EndGlobalSection
EndGlobal
